<?xml version="1.0" encoding="utf-8"?>
<Project ToolsVersion="4.0" xmlns="http://schemas.microsoft.com/developer/msbuild/2003">
  <ItemGroup>
    <Filter Include="Source Files">
      <UniqueIdentifier>{4FC737F1-C7A5-4376-A066-2A32D752A2FF}</UniqueIdentifier>
      <Extensions>cpp;c;cc;cxx;def;odl;idl;hpj;bat;asm;asmx</Extensions>
    </Filter>
    <Filter Include="Header Files">
      <UniqueIdentifier>{93995380-89BD-4b04-88EB-625FBE52EBFB}</UniqueIdentifier>
      <Extensions>h;hpp;hxx;hm;inl;inc;xsd</Extensions>
    </Filter>
    <Filter Include="Resource Files">
      <UniqueIdentifier>{67DA6AB6-F800-4c08-8B7A-83BB121AAD01}</UniqueIdentifier>
      <Extensions>rc;ico;cur;bmp;dlg;rc2;rct;bin;rgs;gif;jpg;jpeg;jpe;resx;tiff;tif;png;wav;mfcribbon-ms</Extensions>
    </Filter>
    <Filter Include="Header Files\Resources">
      <UniqueIdentifier>{f4ce3ce0-39f5-42bc-9f7a-36da5deea988}</UniqueIdentifier>
    </Filter>
    <Filter Include="Source Files\Resources">
      <UniqueIdentifier>{5f280343-2ebf-4a7b-a27c-95dfd5ee2f66}</UniqueIdentifier>
    </Filter>
    <Filter Include="Source Files\Game">
      <UniqueIdentifier>{78b467e7-daa4-4be3-89d9-e11dc7186a9a}</UniqueIdentifier>
    </Filter>
    <Filter Include="Header Files\Game">
      <UniqueIdentifier>{2b36cd72-8e1b-40aa-9b25-ecf87631606e}</UniqueIdentifier>
    </Filter>
    <Filter Include="Header Files\HAL">
      <UniqueIdentifier>{d5779c34-d195-4128-b0ff-366d19080bee}</UniqueIdentifier>
    </Filter>
    <Filter Include="Source Files\HAL">
      <UniqueIdentifier>{e62b9467-664e-45a5-9c96-302615c25b8b}</UniqueIdentifier>
    </Filter>
    <Filter Include="Source Files\Rendering">
      <UniqueIdentifier>{5a801c09-6f32-4c9c-b6b9-fc57b0e9d875}</UniqueIdentifier>
    </Filter>
    <Filter Include="Header Files\Rendering">
      <UniqueIdentifier>{b0f2a420-367c-423c-bb7f-5fb49481945e}</UniqueIdentifier>
    </Filter>
    <Filter Include="Header Files\Utils">
      <UniqueIdentifier>{0e991e70-5ddc-4019-821f-43f36fd63dd4}</UniqueIdentifier>
    </Filter>
    <Filter Include="Source Files\Utils">
      <UniqueIdentifier>{67fb9a92-c976-4a2f-bb40-8509d34ce80b}</UniqueIdentifier>
    </Filter>
    <Filter Include="Header Files\Sound">
      <UniqueIdentifier>{e5afd650-2636-4c31-86f5-48040b5e8d74}</UniqueIdentifier>
    </Filter>
    <Filter Include="Source Files\Sound">
      <UniqueIdentifier>{1f1923a7-c21e-47ef-9c02-c658e64c6e05}</UniqueIdentifier>
    </Filter>
    <Filter Include="Header Files\model">
      <UniqueIdentifier>{1678731a-d9f3-4563-8bda-f30f469cd4c7}</UniqueIdentifier>
    </Filter>
    <Filter Include="Header Files\os" />
    <Filter Include="Source Files\model">
      <UniqueIdentifier>{bac88b9c-c593-4aa2-b61c-fe1aa3bd51b0}</UniqueIdentifier>
    </Filter>
    <Filter Include="Source Files\os">
      <UniqueIdentifier>{e0ef5013-fd67-4d08-80e6-1c91be284730}</UniqueIdentifier>
    </Filter>
    <Filter Include="Header Files\Input">
      <UniqueIdentifier>{9a0cd853-a955-4b19-880b-28ea55ddfc58}</UniqueIdentifier>
    </Filter>
    <Filter Include="Source Files\Input">
      <UniqueIdentifier>{fb025bae-c636-4039-aa53-c50843dc62a5}</UniqueIdentifier>
    </Filter>
    <Filter Include="Header Files\Sprite">
      <UniqueIdentifier>{826951b3-4092-4988-bd89-4aeb63f4fbac}</UniqueIdentifier>
    </Filter>
    <Filter Include="Source Files\Sprite">
      <UniqueIdentifier>{41f5a49e-fa60-4e2a-9f12-32abbce548b3}</UniqueIdentifier>
    </Filter>
    <Filter Include="Header Files\Camera">
      <UniqueIdentifier>{44ae52d1-cdd8-4f59-a018-1b4b22da3482}</UniqueIdentifier>
    </Filter>
    <Filter Include="Header Files\Compatibility Tools">
      <UniqueIdentifier>{a2513cf1-7373-4ca4-b5ea-f7d82de8e2dd}</UniqueIdentifier>
    </Filter>
    <Filter Include="Header Files\Engine">
      <UniqueIdentifier>{aee56f30-b4dd-4713-bb4e-d2dca2df0403}</UniqueIdentifier>
    </Filter>
    <Filter Include="Source Files\Engine">
      <UniqueIdentifier>{2277eae9-ccb4-4655-99e3-bcb5a6668252}</UniqueIdentifier>
    </Filter>
  </ItemGroup>
  <ItemGroup>
    <ClCompile Include="src\os\FileEnums.cpp">
      <Filter>Source Files\os</Filter>
    </ClCompile>
    <ClCompile Include="src\os\FileWin32.cpp">
      <Filter>Source Files\os</Filter>
    </ClCompile>
    <ClCompile Include="src\os\filelinux.cpp">
      <Filter>Source Files\os</Filter>
    </ClCompile>
    <ClCompile Include="src\resources\SoundBuffer.cpp">
      <Filter>Source Files\Resources</Filter>
    </ClCompile>
    <ClCompile Include="src\resources\SoundSource.cpp">
      <Filter>Source Files\Resources</Filter>
    </ClCompile>
    <ClCompile Include="src\resources\SoundBufferManager.cpp">
      <Filter>Source Files\Resources</Filter>
    </ClCompile>
    <ClCompile Include="src\resources\SoundSourceManager.cpp">
      <Filter>Source Files\Resources</Filter>
    </ClCompile>
    <ClCompile Include="src\resources\IDGenerator.cpp">
      <Filter>Source Files\Resources</Filter>
    </ClCompile>
    <ClCompile Include="src\game\Factions.cpp">
      <Filter>Source Files\Game</Filter>
    </ClCompile>
    <ClCompile Include="src\HAL\OpenAL.cpp">
      <Filter>Source Files\HAL</Filter>
    </ClCompile>
    <ClCompile Include="src\rendering\RenderableBase.cpp">
      <Filter>Source Files\Rendering</Filter>
    </ClCompile>
    <ClCompile Include="src\rendering\RendererEnums.cpp">
      <Filter>Source Files\Rendering</Filter>
    </ClCompile>
    <ClCompile Include="src\rendering\RendererBase.cpp">
      <Filter>Source Files\Rendering</Filter>
    </ClCompile>
    <ClCompile Include="src\util\AppSettings.cpp">
      <Filter>Source Files\Utils</Filter>
    </ClCompile>
    <ClCompile Include="src\resources\SoundResourceManagerBase.cpp">
      <Filter>Source Files\Resources</Filter>
    </ClCompile>
    <ClCompile Include="src\sound\MusicPlayer.cpp">
      <Filter>Source Files\Sound</Filter>
    </ClCompile>
    <ClCompile Include="src\sound\SoundStream.cpp">
      <Filter>Source Files\Sound</Filter>
    </ClCompile>
    <ClCompile Include="src\util\EngineSettings.cpp">
      <Filter>Source Files\Utils</Filter>
    </ClCompile>
    <ClCompile Include="src\util\RawFile.cpp">
      <Filter>Source Files\Utils</Filter>
    </ClCompile>
    <ClCompile Include="src\model\Building.cpp">
      <Filter>Source Files\model</Filter>
    </ClCompile>
    <ClCompile Include="src\model\CityCoord.cpp">
      <Filter>Source Files\model</Filter>
    </ClCompile>
    <ClCompile Include="src\model\Facility.cpp">
      <Filter>Source Files\model</Filter>
    </ClCompile>
    <ClCompile Include="src\model\SkillSet.cpp">
      <Filter>Source Files\model</Filter>
    </ClCompile>
    <ClCompile Include="src\model\Unit.cpp">
      <Filter>Source Files\model</Filter>
    </ClCompile>
    <ClCompile Include="src\rendering\SoundStreamRenderer.cpp">
      <Filter>Source Files\Rendering</Filter>
    </ClCompile>
    <ClCompile Include="src\main.cpp">
      <Filter>Source Files</Filter>
    </ClCompile>
    <ClCompile Include="src\model\SkilledUnit.cpp">
      <Filter>Source Files\model</Filter>
    </ClCompile>
    <ClCompile Include="src\util\Timer.cpp">
      <Filter>Source Files\Utils</Filter>
    </ClCompile>
    <ClCompile Include="src\util\vec.cpp">
      <Filter>Source Files\Utils</Filter>
    </ClCompile>
    <ClCompile Include="src\Input\Input.cpp">
      <Filter>Source Files\Input</Filter>
    </ClCompile>
    <ClCompile Include="src\util\utils.cpp">
      <Filter>Source Files\Utils</Filter>
    </ClCompile>
    <ClCompile Include="src\util\logger.cpp">
      <Filter>Source Files\Utils</Filter>
    </ClCompile>
    <ClCompile Include="src\game\Game.cpp">
      <Filter>Source Files\Game</Filter>
    </ClCompile>
    <ClCompile Include="src\game\Level.cpp">
      <Filter>Source Files\Game</Filter>
    </ClCompile>
    <ClCompile Include="src\resources\ResourceEnums.cpp">
      <Filter>Source Files\Resources</Filter>
    </ClCompile>
    <ClCompile Include="src\resources\Texture.cpp">
      <Filter>Source Files\Resources</Filter>
    </ClCompile>
    <ClCompile Include="src\resources\TextureManager.cpp">
      <Filter>Source Files\Resources</Filter>
    </ClCompile>
    <ClCompile Include="src\sprite\Sprite3D.cpp">
      <Filter>Source Files\Sprite</Filter>
    </ClCompile>
    <ClCompile Include="src\Camera\CityScapeCamera.cpp">
      <Filter>Source Files</Filter>
    </ClCompile>
    <ClCompile Include="src\rendering\GameObjectRenderer.cpp">
      <Filter>Source Files\Rendering</Filter>
    </ClCompile>
    <ClCompile Include="src\util\TextureCache.cpp">
      <Filter>Source Files\Utils</Filter>
    </ClCompile>
    <ClCompile Include="src\game\Terrain.cpp">
      <Filter>Source Files\Game</Filter>
    </ClCompile>
    <ClCompile Include="src\game_pch.cpp">
      <Filter>Source Files</Filter>
    </ClCompile>
    <ClCompile Include="src\game\Vehicle.cpp">
      <Filter>Source Files\Game</Filter>
    </ClCompile>
    <ClCompile Include="src\game\VehicleVis.cpp">
      <Filter>Source Files\Game</Filter>
    </ClCompile>
    <ClCompile Include="src\engine\GameFactory.cpp">
      <Filter>Source Files\Engine</Filter>
    </ClCompile>
    <ClCompile Include="src\Engine\ModelObject.cpp">
      <Filter>Source Files\Engine</Filter>
    </ClCompile>
    <ClCompile Include="src\Engine\ModelObjectVis.cpp">
      <Filter>Source Files\Engine</Filter>
    </ClCompile>
    <ClCompile Include="src\engine\GameObject.cpp">
      <Filter>Source Files\Engine</Filter>
    </ClCompile>
    <ClCompile Include="src\engine\HandlerTypes.cpp">
      <Filter>Source Files\Engine</Filter>
    </ClCompile>
    <ClCompile Include="src\game\GameTime.cpp">
      <Filter>Source Files\Game</Filter>
    </ClCompile>
    <ClCompile Include="src\game\GameEnums.cpp">
      <Filter>Source Files\Game</Filter>
    </ClCompile>
  </ItemGroup>
  <ItemGroup>
    <ClInclude Include="src\os\FileIO.h">
      <Filter>Header Files\os</Filter>
    </ClInclude>
    <ClInclude Include="src\os\FileEnums.h">
      <Filter>Header Files\os</Filter>
    </ClInclude>
    <ClInclude Include="src\os\FileWin32.h">
      <Filter>Header Files\os</Filter>
    </ClInclude>
    <ClInclude Include="src\os\filelinux.h">
      <Filter>Header Files\os</Filter>
    </ClInclude>
    <ClInclude Include="src\resources\ManagerBase.h">
      <Filter>Header Files\Resources</Filter>
    </ClInclude>
    <ClInclude Include="src\resources\ResourceBase.h">
      <Filter>Header Files\Resources</Filter>
    </ClInclude>
    <ClInclude Include="src\resources\ResourceEnums.h">
      <Filter>Header Files\Resources</Filter>
    </ClInclude>
    <ClInclude Include="src\resources\SoundBuffer.h">
      <Filter>Header Files\Resources</Filter>
    </ClInclude>
    <ClInclude Include="src\resources\SoundBufferManager.h">
      <Filter>Header Files\Resources</Filter>
    </ClInclude>
    <ClInclude Include="src\resources\SoundSource.h">
      <Filter>Header Files\Resources</Filter>
    </ClInclude>
    <ClInclude Include="src\resources\SoundSourceManager.h">
      <Filter>Header Files\Resources</Filter>
    </ClInclude>
    <ClInclude Include="src\resources\IDGenerator.h">
      <Filter>Header Files\Resources</Filter>
    </ClInclude>
    <ClInclude Include="src\HAL\OpenAL.h">
      <Filter>Header Files\HAL</Filter>
    </ClInclude>
    <ClInclude Include="src\util\AppSettings.h">
      <Filter>Header Files\Utils</Filter>
    </ClInclude>
    <ClInclude Include="src\sound\MusicPlayer.h">
      <Filter>Header Files\Sound</Filter>
    </ClInclude>
    <ClInclude Include="src\sound\SoundStream.h">
      <Filter>Header Files\Sound</Filter>
    </ClInclude>
    <ClInclude Include="src\resources\FixedArray.h">
      <Filter>Header Files\Resources</Filter>
    </ClInclude>
    <ClInclude Include="src\util\EngineSettings.h">
      <Filter>Header Files\Utils</Filter>
    </ClInclude>
    <ClInclude Include="src\util\RawFile.h">
      <Filter>Header Files\Utils</Filter>
    </ClInclude>
    <ClInclude Include="src\util\ObjectPool.h">
      <Filter>Header Files\Utils</Filter>
    </ClInclude>
    <ClInclude Include="src\model\SkillSet.h">
      <Filter>Header Files\model</Filter>
    </ClInclude>
    <ClInclude Include="src\model\Building.h">
      <Filter>Header Files\model</Filter>
    </ClInclude>
    <ClInclude Include="src\model\CityCoord.h">
      <Filter>Header Files\model</Filter>
    </ClInclude>
    <ClInclude Include="src\model\DimensionGate.h">
      <Filter>Header Files\model</Filter>
    </ClInclude>
    <ClInclude Include="src\model\Facility.h">
      <Filter>Header Files\model</Filter>
    </ClInclude>
    <ClInclude Include="src\model\Unit.h">
      <Filter>Header Files\model</Filter>
    </ClInclude>
    <ClInclude Include="src\rendering\RenderableBase.h">
      <Filter>Header Files\Rendering</Filter>
    </ClInclude>
    <ClInclude Include="src\rendering\RendererBase.h">
      <Filter>Header Files\Rendering</Filter>
    </ClInclude>
    <ClInclude Include="src\rendering\RendererEnums.h">
      <Filter>Header Files\Rendering</Filter>
    </ClInclude>
    <ClInclude Include="src\rendering\SoundStreamRenderer.h">
      <Filter>Header Files\Rendering</Filter>
    </ClInclude>
    <ClInclude Include="src\sound\SoundRenderer.h">
      <Filter>Header Files\Rendering</Filter>
    </ClInclude>
    <ClInclude Include="src\util\Property.h">
      <Filter>Header Files\Utils</Filter>
    </ClInclude>
    <ClInclude Include="src\resources\SoundResourceManagerBase.h">
      <Filter>Header Files\Resources</Filter>
    </ClInclude>
    <ClInclude Include="src\model\SkilledUnit.h">
      <Filter>Header Files\model</Filter>
    </ClInclude>
    <ClInclude Include="src\utils.h">
      <Filter>Header Files\Utils</Filter>
    </ClInclude>
    <ClInclude Include="src\Input\GameActions.h">
      <Filter>Header Files\Input</Filter>
    </ClInclude>
    <ClInclude Include="src\Input\Input.h">
      <Filter>Header Files\Input</Filter>
    </ClInclude>
    <ClInclude Include="src\util\Accumulator.h">
      <Filter>Header Files\Utils</Filter>
    </ClInclude>
    <ClInclude Include="src\util\Timer.h">
      <Filter>Header Files\Utils</Filter>
    </ClInclude>
    <ClInclude Include="src\util\vec.h">
      <Filter>Header Files\Utils</Filter>
    </ClInclude>
    <ClInclude Include="src\game\Game.h">
      <Filter>Header Files\Game</Filter>
    </ClInclude>
    <ClInclude Include="src\game\Level.h">
      <Filter>Header Files\Game</Filter>
    </ClInclude>
    <ClInclude Include="src\resources\Texture.h">
      <Filter>Header Files\Resources</Filter>
    </ClInclude>
    <ClInclude Include="src\resources\TextureManager.h">
      <Filter>Header Files\Resources</Filter>
    </ClInclude>
    <ClInclude Include="src\util\logger.h">
      <Filter>Header Files\Utils</Filter>
    </ClInclude>
    <ClInclude Include="src\os\File.h">
      <Filter>Header Files\os</Filter>
    </ClInclude>
    <ClInclude Include="src\sprite\Sprite3D.h">
      <Filter>Header Files\Sprite</Filter>
    </ClInclude>
    <ClInclude Include="src\Camera\CameraBase.h">
      <Filter>Header Files\Camera</Filter>
    </ClInclude>
    <ClInclude Include="src\Camera\CityScapeCamera.h">
      <Filter>Header Files\Camera</Filter>
    </ClInclude>
    <ClInclude Include="src\sound\SoundPlayer.h">
      <Filter>Header Files\Sound</Filter>
    </ClInclude>
    <ClInclude Include="src\os\compat_sdl.h">
      <Filter>Header Files\os</Filter>
    </ClInclude>
    <ClInclude Include="src\sound\Sound.h">
      <Filter>Header Files\Sound</Filter>
    </ClInclude>
    <ClInclude Include="src\compatibility\SuperClass.h">
      <Filter>Header Files\Compatibility Tools</Filter>
    </ClInclude>
    <ClInclude Include="src\rendering\GameObjectRenderer.h">
      <Filter>Header Files\Rendering</Filter>
    </ClInclude>
    <ClInclude Include="src\util\TextureCache.h">
      <Filter>Header Files\Utils</Filter>
    </ClInclude>
    <ClInclude Include="src\game\Terrain.h">
      <Filter>Header Files\Game</Filter>
    </ClInclude>
    <ClInclude Include="src\game_pch.h">
      <Filter>Header Files</Filter>
    </ClInclude>
    <ClInclude Include="src\util\math_utils.h">
      <Filter>Header Files\Utils</Filter>
    </ClInclude>
    <ClInclude Include="src\game\Factions.h">
      <Filter>Header Files\Game</Filter>
    </ClInclude>
    <ClInclude Include="src\game\Vehicle.h">
      <Filter>Header Files\Game</Filter>
    </ClInclude>
    <ClInclude Include="src\game\VehicleVis.h">
      <Filter>Header Files\Game</Filter>
    </ClInclude>
    <ClInclude Include="src\util\Assert.h">
      <Filter>Header Files\Utils</Filter>
    </ClInclude>
    <ClInclude Include="src\engine\GameObject.h">
      <Filter>Header Files\Engine</Filter>
    </ClInclude>
    <ClInclude Include="src\engine\GameObjectDef.h">
      <Filter>Header Files\Engine</Filter>
    </ClInclude>
    <ClInclude Include="src\engine\HandlerTypes.h">
      <Filter>Header Files\Engine</Filter>
    </ClInclude>
    <ClInclude Include="src\engine\GameFactory.h">
      <Filter>Header Files\Engine</Filter>
    </ClInclude>
    <ClInclude Include="src\Engine\ModelObject.h">
      <Filter>Header Files\Engine</Filter>
    </ClInclude>
    <ClInclude Include="src\Engine\ModelObjectVis.h">
      <Filter>Header Files\Engine</Filter>
    </ClInclude>
    <ClInclude Include="src\game\GameTime.h">
      <Filter>Header Files\Game</Filter>
    </ClInclude>
    <ClInclude Include="src\game\HMSTime.h">
      <Filter>Header Files\Game</Filter>
    </ClInclude>
    <ClInclude Include="src\game\GameEnums.h">
      <Filter>Header Files\Game</Filter>
    </ClInclude>
  </ItemGroup>
</Project>